{
  "name": "goit-js-hw-08",
  "lockfileVersion": 3,
  "requires": true,
  "packages": {
    "": {
      "dependencies": {
        "lodash.throttle": "^4.1.1",
        "simplelightbox": "^2.14.2"
      }
    },
    "node_modules/lodash.throttle": {
      "version": "4.1.1",
      "resolved": "https://registry.npmjs.org/lodash.throttle/-/lodash.throttle-4.1.1.tgz",
      "integrity": "sha512-wIkUCfVKpVsWo3JSZlc+8MB5it+2AN5W8J7YVMST30UrvcQNZ1Okbj+rbVniijTWE6FGYy4XJq/rHkas8qJMLQ=="
    },
    "node_modules/simplelightbox": {
      "version": "2.14.2",
      "resolved": "https://registry.npmjs.org/simplelightbox/-/simplelightbox-2.14.2.tgz",
      "integrity": "sha512-6Pm85SEs4sseY/Jf7AeXs8hbxQFv3CV2dXWF+8aZ2T4Rtl//WfVIGWkLTCUZX5hO8kIgHvf//xOjBwmZfx9hjA=="
    }
  }
}
